// !$*UTF8*$!
{
	archiveVersion = 1;
	classes = {
	};
	objectVersion = 51;
	objects = {

/* Begin PBXBuildFile section */
		B2092DC5CB109C2A7743694E /* Pods_ImageRadioButtonCustom.framework in Frameworks */ = {isa = PBXBuildFile; fileRef = D87B17F252491C683D5215A1 /* Pods_ImageRadioButtonCustom.framework */; };
		FF60288224DD3EAC00567084 /* AppDelegate.swift in Sources */ = {isa = PBXBuildFile; fileRef = FF60288124DD3EAC00567084 /* AppDelegate.swift */; };
		FF60288424DD3EAC00567084 /* SceneDelegate.swift in Sources */ = {isa = PBXBuildFile; fileRef = FF60288324DD3EAC00567084 /* SceneDelegate.swift */; };
		FF60288624DD3EAC00567084 /* ViewController.swift in Sources */ = {isa = PBXBuildFile; fileRef = FF60288524DD3EAC00567084 /* ViewController.swift */; };
		FF60288924DD3EAC00567084 /* Main.storyboard in Resources */ = {isa = PBXBuildFile; fileRef = FF60288724DD3EAC00567084 /* Main.storyboard */; };
		FF60288B24DD3EAE00567084 /* Assets.xcassets in Resources */ = {isa = PBXBuildFile; fileRef = FF60288A24DD3EAE00567084 /* Assets.xcassets */; };
		FF60288E24DD3EAE00567084 /* LaunchScreen.storyboard in Resources */ = {isa = PBXBuildFile; fileRef = FF60288C24DD3EAE00567084 /* LaunchScreen.storyboard */; };
		FF60289624DD495D00567084 /* RadioButton.swift in Sources */ = {isa = PBXBuildFile; fileRef = FF60289524DD495D00567084 /* RadioButton.swift */; };
		FF60289824DD4A0300567084 /* VerticalAlignLabel.swift in Sources */ = {isa = PBXBuildFile; fileRef = FF60289724DD4A0300567084 /* VerticalAlignLabel.swift */; };
/* End PBXBuildFile section */

/* Begin PBXFileReference section */
		4D76662938CA30C9167BFED4 /* Pods-ImageRadioButtonCustom.release.xcconfig */ = {isa = PBXFileReference; includeInIndex = 1; lastKnownFileType = text.xcconfig; name = "Pods-ImageRadioButtonCustom.release.xcconfig"; path = "Target Support Files/Pods-ImageRadioButtonCustom/Pods-ImageRadioButtonCustom.release.xcconfig"; sourceTree = "<group>"; };
		B1F7811063FAE4A368808D3B /* Pods-ImageRadioButtonCustom.debug.xcconfig */ = {isa = PBXFileReference; includeInIndex = 1; lastKnownFileType = text.xcconfig; name = "Pods-ImageRadioButtonCustom.debug.xcconfig"; path = "Target Support Files/Pods-ImageRadioButtonCustom/Pods-ImageRadioButtonCustom.debug.xcconfig"; sourceTree = "<group>"; };
		D87B17F252491C683D5215A1 /* Pods_ImageRadioButtonCustom.framework */ = {isa = PBXFileReference; explicitFileType = wrapper.framework; includeInIndex = 0; path = Pods_ImageRadioButtonCustom.framework; sourceTree = BUILT_PRODUCTS_DIR; };
		FF60287E24DD3EAC00567084 /* ImageRadioButtonCustom.app */ = {isa = PBXFileReference; explicitFileType = wrapper.application; includeInIndex = 0; path = ImageRadioButtonCustom.app; sourceTree = BUILT_PRODUCTS_DIR; };
		FF60288124DD3EAC00567084 /* AppDelegate.swift */ = {isa = PBXFileReference; lastKnownFileType = sourcecode.swift; path = AppDelegate.swift; sourceTree = "<group>"; };
		FF60288324DD3EAC00567084 /* SceneDelegate.swift */ = {isa = PBXFileReference; lastKnownFileType = sourcecode.swift; path = SceneDelegate.swift; sourceTree = "<group>"; };
		FF60288524DD3EAC00567084 /* ViewController.swift */ = {isa = PBXFileReference; lastKnownFileType = sourcecode.swift; path = ViewController.swift; sourceTree = "<group>"; };
		FF60288824DD3EAC00567084 /* Base */ = {isa = PBXFileReference; lastKnownFileType = file.storyboard; name = Base; path = Base.lproj/Main.storyboard; sourceTree = "<group>"; };
		FF60288A24DD3EAE00567084 /* Assets.xcassets */ = {isa = PBXFileReference; lastKnownFileType = folder.assetcatalog; path = Assets.xcassets; sourceTree = "<group>"; };
		FF60288D24DD3EAE00567084 /* Base */ = {isa = PBXFileReference; lastKnownFileType = file.storyboard; name = Base; path = Base.lproj/LaunchScreen.storyboard; sourceTree = "<group>"; };
		FF60288F24DD3EAE00567084 /* Info.plist */ = {isa = PBXFileReference; lastKnownFileType = text.plist.xml; path = Info.plist; sourceTree = "<group>"; };
		FF60289524DD495D00567084 /* RadioButton.swift */ = {isa = PBXFileReference; lastKnownFileType = sourcecode.swift; path = RadioButton.swift; sourceTree = "<group>"; };
		FF60289724DD4A0300567084 /* VerticalAlignLabel.swift */ = {isa = PBXFileReference; lastKnownFileType = sourcecode.swift; path = VerticalAlignLabel.swift; sourceTree = "<group>"; };
/* End PBXFileReference section */

/* Begin PBXFrameworksBuildPhase section */
		FF60287B24DD3EAC00567084 /* Frameworks */ = {
			isa = PBXFrameworksBuildPhase;
			buildActionMask = 2147483647;
			files = (
				B2092DC5CB109C2A7743694E /* Pods_ImageRadioButtonCustom.framework in Frameworks */,
			);
			runOnlyForDeploymentPostprocessing = 0;
		};
/* End PBXFrameworksBuildPhase section */

/* Begin PBXGroup section */
		29BD0BCA085ED550788D6740 /* Pods */ = {
			isa = PBXGroup;
			children = (
				B1F7811063FAE4A368808D3B /* Pods-ImageRadioButtonCustom.debug.xcconfig */,
				4D76662938CA30C9167BFED4 /* Pods-ImageRadioButtonCustom.release.xcconfig */,
			);
			path = Pods;
			sourceTree = "<group>";
		};
		FC963BA34D9F31969EDA226B /* Frameworks */ = {
			isa = PBXGroup;
			children = (
				D87B17F252491C683D5215A1 /* Pods_ImageRadioButtonCustom.framework */,
			);
			name = Frameworks;
			sourceTree = "<group>";
		};
		FF60287524DD3EAC00567084 = {
			isa = PBXGroup;
			children = (
				FF60288024DD3EAC00567084 /* ImageRadioButtonCustom */,
				FF60287F24DD3EAC00567084 /* Products */,
				29BD0BCA085ED550788D6740 /* Pods */,
				FC963BA34D9F31969EDA226B /* Frameworks */,
			);
			sourceTree = "<group>";
		};
		FF60287F24DD3EAC00567084 /* Products */ = {
			isa = PBXGroup;
			children = (
				FF60287E24DD3EAC00567084 /* ImageRadioButtonCustom.app */,
			);
			name = Products;
			sourceTree = "<group>";
		};
		FF60288024DD3EAC00567084 /* ImageRadioButtonCustom */ = {
			isa = PBXGroup;
			children = (
				FF60288124DD3EAC00567084 /* AppDelegate.swift */,
				FF60288324DD3EAC00567084 /* SceneDelegate.swift */,
				FF60288524DD3EAC00567084 /* ViewController.swift */,
				FF60288724DD3EAC00567084 /* Main.storyboard */,
				FF60288A24DD3EAE00567084 /* Assets.xcassets */,
				FF60288C24DD3EAE00567084 /* LaunchScreen.storyboard */,
				FF60288F24DD3EAE00567084 /* Info.plist */,
				FF60289524DD495D00567084 /* RadioButton.swift */,
				FF60289724DD4A0300567084 /* VerticalAlignLabel.swift */,
			);
			path = ImageRadioButtonCustom;
			sourceTree = "<group>";
		};
/* End PBXGroup section */

/* Begin PBXNativeTarget section */
		FF60287D24DD3EAC00567084 /* ImageRadioButtonCustom */ = {
			isa = PBXNativeTarget;
			buildConfigurationList = FF60289224DD3EAE00567084 /* Build configuration list for PBXNativeTarget "ImageRadioButtonCustom" */;
			buildPhases = (
				92A48599656545419B504227 /* [CP] Check Pods Manifest.lock */,
				FF60287A24DD3EAC00567084 /* Sources */,
				FF60287B24DD3EAC00567084 /* Frameworks */,
				FF60287C24DD3EAC00567084 /* Resources */,
				516473465B83668AF0FE51B5 /* [CP] Embed Pods Frameworks */,
			);
			buildRules = (
			);
			dependencies = (
			);
			name = ImageRadioButtonCustom;
			productName = ImageRadioButtonCustom;
			productReference = FF60287E24DD3EAC00567084 /* ImageRadioButtonCustom.app */;
			productType = "com.apple.product-type.application";
		};
/* End PBXNativeTarget section */

/* Begin PBXProject section */
		FF60287624DD3EAC00567084 /* Project object */ = {
			isa = PBXProject;
			attributes = {
				LastSwiftUpdateCheck = 1160;
				LastUpgradeCheck = 1160;
				ORGANIZATIONNAME = "Yoojin Park";
				TargetAttributes = {
					FF60287D24DD3EAC00567084 = {
						CreatedOnToolsVersion = 11.6;
					};
				};
			};
			buildConfigurationList = FF60287924DD3EAC00567084 /* Build configuration list for PBXProject "ImageRadioButtonCustom" */;
			compatibilityVersion = "Xcode 9.3";
			developmentRegion = en;
			hasScannedForEncodings = 0;
			knownRegions = (
				en,
				Base,
			);
			mainGroup = FF60287524DD3EAC00567084;
			productRefGroup = FF60287F24DD3EAC00567084 /* Products */;
			projectDirPath = "";
			projectRoot = "";
			targets = (
				FF60287D24DD3EAC00567084 /* ImageRadioButtonCustom */,
			);
		};
/* End PBXProject section */

/* Begin PBXResourcesBuildPhase section */
		FF60287C24DD3EAC00567084 /* Resources */ = {
			isa = PBXResourcesBuildPhase;
			buildActionMask = 2147483647;
			files = (
				FF60288E24DD3EAE00567084 /* LaunchScreen.storyboard in Resources */,
				FF60288B24DD3EAE00567084 /* Assets.xcassets in Resources */,
				FF60288924DD3EAC00567084 /* Main.storyboard in Resources */,
			);
			runOnlyForDeploymentPostprocessing = 0;
		};
/* End PBXResourcesBuildPhase section */

/* Begin PBXShellScriptBuildPhase section */
		516473465B83668AF0FE51B5 /* [CP] Embed Pods Frameworks */ = {
			isa = PBXShellScriptBuildPhase;
			buildActionMask = 2147483647;
			files = (
			);
			inputFileListPaths = (
				"${PODS_ROOT}/Target Support Files/Pods-ImageRadioButtonCustom/Pods-ImageRadioButtonCustom-frameworks-${CONFIGURATION}-input-files.xcfilelist",
			);
			name = "[CP] Embed Pods Frameworks";
			outputFileListPaths = (
				"${PODS_ROOT}/Target Support Files/Pods-ImageRadioButtonCustom/Pods-ImageRadioButtonCustom-frameworks-${CONFIGURATION}-output-files.xcfilelist",
			);
			runOnlyForDeploymentPostprocessing = 0;
			shellPath = /bin/sh;
			shellScript = "\"${PODS_ROOT}/Target Support Files/Pods-ImageRadioButtonCustom/Pods-ImageRadioButtonCustom-frameworks.sh\"\n";
			showEnvVarsInLog = 0;
		};
		92A48599656545419B504227 /* [CP] Check Pods Manifest.lock */ = {
			isa = PBXShellScriptBuildPhase;
			buildActionMask = 2147483647;
			files = (
			);
			inputFileListPaths = (
			);
			inputPaths = (
				"${PODS_PODFILE_DIR_PATH}/Podfile.lock",
				"${PODS_ROOT}/Manifest.lock",
			);
			name = "[CP] Check Pods Manifest.lock";
			outputFileListPaths = (
			);
			outputPaths = (
				"$(DERIVED_FILE_DIR)/Pods-ImageRadioButtonCustom-checkManifestLockResult.txt",
			);
			runOnlyForDeploymentPostprocessing = 0;
			shellPath = /bin/sh;
			shellScript = "diff \"${PODS_PODFILE_DIR_PATH}/Podfile.lock\" \"${PODS_ROOT}/Manifest.lock\" > /dev/null\nif [ $? != 0 ] ; then\n    # print error to STDERR\n    echo \"error: The sandbox is not in sync with the Podfile.lock. Run 'pod install' or update your CocoaPods installation.\" >&2\n    exit 1\nfi\n# This output is used by Xcode 'outputs' to avoid re-running this script phase.\necho \"SUCCESS\" > \"${SCRIPT_OUTPUT_FILE_0}\"\n";
			showEnvVarsInLog = 0;
		};
/* End PBXShellScriptBuildPhase section */

/* Begin PBXSourcesBuildPhase section */
		FF60287A24DD3EAC00567084 /* Sources */ = {
			isa = PBXSourcesBuildPhase;
			buildActionMask = 2147483647;
			files = (
				FF60289824DD4A0300567084 /* VerticalAlignLabel.swift in Sources */,
				FF60288624DD3EAC00567084 /* ViewController.swift in Sources */,
				FF60288224DD3EAC00567084 /* AppDelegate.swift in Sources */,
				FF60289624DD495D00567084 /* RadioButton.swift in Sources */,
				FF60288424DD3EAC00567084 /* SceneDelegate.swift in Sources */,
			);
			runOnlyForDeploymentPostprocessing = 0;
		};
/* End PBXSourcesBuildPhase section */

/* Begin PBXVariantGroup section */
		FF60288724DD3EAC00567084 /* Main.storyboard */ = {
			isa = PBXVariantGroup;
			children = (
				FF60288824DD3EAC00567084 /* Base */,
			);
			name = Main.storyboard;
			sourceTree = "<group>";
		};
		FF60288C24DD3EAE00567084 /* LaunchScreen.storyboard */ = {
			isa = PBXVariantGroup;
			children = (
				FF60288D24DD3EAE00567084 /* Base */,
			);
			name = LaunchScreen.storyboard;
			sourceTree = "<group>";
		};
/* End PBXVariantGroup section */

/* Begin XCBuildConfiguration section */
		FF60289024DD3EAE00567084 /* Debug */ = {
			isa = XCBuildConfiguration;
			buildSettings = {
				ALWAYS_SEARCH_USER_PATHS = NO;
				CLANG_ANALYZER_NONNULL = YES;
				CLANG_ANALYZER_NUMBER_OBJECT_CONVERSION = YES_AGGRESSIVE;
				CLANG_CXX_LANGUAGE_STANDARD = "gnu++14";
				CLANG_CXX_LIBRARY = "libc++";
				CLANG_ENABLE_MODULES = YES;
				CLANG_ENABLE_OBJC_ARC = YES;
				CLANG_ENABLE_OBJC_WEAK = YES;
				CLANG_WARN_BLOCK_CAPTURE_AUTORELEASING = YES;
				CLANG_WARN_BOOL_CONVERSION = YES;
				CLANG_WARN_COMMA = YES;
				CLANG_WARN_CONSTANT_CONVERSION = YES;
				CLANG_WARN_DEPRECATED_OBJC_IMPLEMENTATIONS = YES;
				CLANG_WARN_DIRECT_OBJC_ISA_USAGE = YES_ERROR;
				CLANG_WARN_DOCUMENTATION_COMMENTS = YES;
				CLANG_WARN_EMPTY_BODY = YES;
				CLANG_WARN_ENUM_CONVERSION = YES;
				CLANG_WARN_INFINITE_RECURSION = YES;
				CLANG_WARN_INT_CONVERSION = YES;
				CLANG_WARN_NON_LITERAL_NULL_CONVERSION = YES;
				CLANG_WARN_OBJC_IMPLICIT_RETAIN_SELF = YES;
				CLANG_WARN_OBJC_LITERAL_CONVERSION = YES;
				CLANG_WARN_OBJC_ROOT_CLASS = YES_ERROR;
				CLANG_WARN_RANGE_LOOP_ANALYSIS = YES;
				CLANG_WARN_STRICT_PROTOTYPES = YES;
				CLANG_WARN_SUSPICIOUS_MOVE = YES;
				CLANG_WARN_UNGUARDED_AVAILABILITY = YES_AGGRESSIVE;
				CLANG_WARN_UNREACHABLE_CODE = YES;
				CLANG_WARN__DUPLICATE_METHOD_MATCH = YES;
				COPY_PHASE_STRIP = NO;
				DEBUG_INFORMATION_FORMAT = dwarf;
				ENABLE_STRICT_OBJC_MSGSEND = YES;
				ENABLE_TESTABILITY = YES;
				GCC_C_LANGUAGE_STANDARD = gnu11;
				GCC_DYNAMIC_NO_PIC = NO;
				GCC_NO_COMMON_BLOCKS = YES;
				GCC_OPTIMIZATION_LEVEL = 0;
				GCC_PREPROCESSOR_DEFINITIONS = (
					"DEBUG=1",
					"$(inherited)",
				);
				GCC_WARN_64_TO_32_BIT_CONVERSION = YES;
				GCC_WARN_ABOUT_RETURN_TYPE = YES_ERROR;
				GCC_WARN_UNDECLARED_SELECTOR = YES;
				GCC_WARN_UNINITIALIZED_AUTOS = YES_AGGRESSIVE;
				GCC_WARN_UNUSED_FUNCTION = YES;
				GCC_WARN_UNUSED_VARIABLE = YES;
				IPHONEOS_DEPLOYMENT_TARGET = 13.6;
				MTL_ENABLE_DEBUG_INFO = INCLUDE_SOURCE;
				MTL_FAST_MATH = YES;
				ONLY_ACTIVE_ARCH = YES;
				SDKROOT = iphoneos;
				SWIFT_ACTIVE_COMPILATION_CONDITIONS = DEBUG;
				SWIFT_OPTIMIZATION_LEVEL = "-Onone";
			};
			name = Debug;
		};
		FF60289124DD3EAE00567084 /* Release */ = {
			isa = XCBuildConfiguration;
			buildSettings = {
				ALWAYS_SEARCH_USER_PATHS = NO;
				CLANG_ANALYZER_NONNULL = YES;
				CLANG_ANALYZER_NUMBER_OBJECT_CONVERSION = YES_AGGRESSIVE;
				CLANG_CXX_LANGUAGE_STANDARD = "gnu++14";
				CLANG_CXX_LIBRARY = "libc++";
				CLANG_ENABLE_MODULES = YES;
				CLANG_ENABLE_OBJC_ARC = YES;
				CLANG_ENABLE_OBJC_WEAK = YES;
				CLANG_WARN_BLOCK_CAPTURE_AUTORELEASING = YES;
				CLANG_WARN_BOOL_CONVERSION = YES;
				CLANG_WARN_COMMA = YES;
				CLANG_WARN_CONSTANT_CONVERSION = YES;
				CLANG_WARN_DEPRECATED_OBJC_IMPLEMENTATIONS = YES;
				CLANG_WARN_DIRECT_OBJC_ISA_USAGE = YES_ERROR;
				CLANG_WARN_DOCUMENTATION_COMMENTS = YES;
				CLANG_WARN_EMPTY_BODY = YES;
				CLANG_WARN_ENUM_CONVERSION = YES;
				CLANG_WARN_INFINITE_RECURSION = YES;
				CLANG_WARN_INT_CONVERSION = YES;
				CLANG_WARN_NON_LITERAL_NULL_CONVERSION = YES;
				CLANG_WARN_OBJC_IMPLICIT_RETAIN_SELF = YES;
				CLANG_WARN_OBJC_LITERAL_CONVERSION = YES;
				CLANG_WARN_OBJC_ROOT_CLASS = YES_ERROR;
				CLANG_WARN_RANGE_LOOP_ANALYSIS = YES;
				CLANG_WARN_STRICT_PROTOTYPES = YES;
				CLANG_WARN_SUSPICIOUS_MOVE = YES;
				CLANG_WARN_UNGUARDED_AVAILABILITY = YES_AGGRESSIVE;
				CLANG_WARN_UNREACHABLE_CODE = YES;
				CLANG_WARN__DUPLICATE_METHOD_MATCH = YES;
				COPY_PHASE_STRIP = NO;
				DEBUG_INFORMATION_FORMAT = "dwarf-with-dsym";
				ENABLE_NS_ASSERTIONS = NO;
				ENABLE_STRICT_OBJC_MSGSEND = YES;
				GCC_C_LANGUAGE_STANDARD = gnu11;
				GCC_NO_COMMON_BLOCKS = YES;
				GCC_WARN_64_TO_32_BIT_CONVERSION = YES;
				GCC_WARN_ABOUT_RETURN_TYPE = YES_ERROR;
				GCC_WARN_UNDECLARED_SELECTOR = YES;
				GCC_WARN_UNINITIALIZED_AUTOS = YES_AGGRESSIVE;
				GCC_WARN_UNUSED_FUNCTION = YES;
				GCC_WARN_UNUSED_VARIABLE = YES;
				IPHONEOS_DEPLOYMENT_TARGET = 13.6;
				MTL_ENABLE_DEBUG_INFO = NO;
				MTL_FAST_MATH = YES;
				SDKROOT = iphoneos;
				SWIFT_COMPILATION_MODE = wholemodule;
				SWIFT_OPTIMIZATION_LEVEL = "-O";
				VALIDATE_PRODUCT = YES;
			};
			name = Release;
		};
		FF60289324DD3EAE00567084 /* Debug */ = {
			isa = XCBuildConfiguration;
			baseConfigurationReference = B1F7811063FAE4A368808D3B /* Pods-ImageRadioButtonCustom.debug.xcconfig */;
			buildSettings = {
				ASSETCATALOG_COMPILER_APPICON_NAME = AppIcon;
				CODE_SIGN_STYLE = Automatic;
				DEVELOPMENT_TEAM = AZX9TD66UC;
				INFOPLIST_FILE = ImageRadioButtonCustom/Info.plist;
				LD_RUNPATH_SEARCH_PATHS = (
					"$(inherited)",
					"@executable_path/Frameworks",
				);
				PRODUCT_BUNDLE_IDENTIFIER = com.yooo.ImageRadioButtonCustom;
				PRODUCT_NAME = "$(TARGET_NAME)";
				SWIFT_VERSION = 5.0;
				TARGETED_DEVICE_FAMILY = "1,2";
			};
			name = Debug;
		};
		FF60289424DD3EAE00567084 /* Release */ = {
			isa = XCBuildConfiguration;
			baseConfigurationReference = 4D76662938CA30C9167BFED4 /* Pods-ImageRadioButtonCustom.release.xcconfig */;
			buildSettings = {
				ASSETCATALOG_COMPILER_APPICON_NAME = AppIcon;
				CODE_SIGN_STYLE = Automatic;
				DEVELOPMENT_TEAM = AZX9TD66UC;
				INFOPLIST_FILE = ImageRadioButtonCustom/Info.plist;
				LD_RUNPATH_SEARCH_PATHS = (
					"$(inherited)",
					"@executable_path/Frameworks",
				);
				PRODUCT_BUNDLE_IDENTIFIER = com.yooo.ImageRadioButtonCustom;
				PRODUCT_NAME = "$(TARGET_NAME)";
				SWIFT_VERSION = 5.0;
				TARGETED_DEVICE_FAMILY = "1,2";
			};
			name = Release;
		};
/* End XCBuildConfiguration section */

/* Begin XCConfigurationList section */
		FF60287924DD3EAC00567084 /* Build configuration list for PBXProject "ImageRadioButtonCustom" */ = {
			isa = XCConfigurationList;
			buildConfigurations = (
				FF60289024DD3EAE00567084 /* Debug */,
				FF60289124DD3EAE00567084 /* Release */,
			);
			defaultConfigurationIsVisible = 0;
			defaultConfigurationName = Release;
		};
		FF60289224DD3EAE00567084 /* Build configuration list for PBXNativeTarget "ImageRadioButtonCustom" */ = {
			isa = XCConfigurationList;
			buildConfigurations = (
				FF60289324DD3EAE00567084 /* Debug */,
				FF60289424DD3EAE00567084 /* Release */,
			);
			defaultConfigurationIsVisible = 0;
			defaultConfigurationName = Release;
		};
/* End XCConfigurationList section */
	};
	rootObject = FF60287624DD3EAC00567084 /* Project object */;
}
